
Microsoft Visual Studio Solution File, Format Version 12.00
# Visual Studio 2013
Project("{FAE04EC0-301F-11D3-BF4B-00C04F79EFBC}") = "UnityVS.Movement.CSharp", "UnityVS.Movement.CSharp.csproj", "{2056CF48-933C-400E-8672-BA7C36D775C1}"
EndProject
Project("{FAE04EC0-301F-11D3-BF4B-00C04F79EFBC}") = "UnityVS.Movement.CSharp.Plugins", "UnityVS.Movement.CSharp.Plugins.csproj", "{B07F7491-0D28-6609-B65A-8A1BE7DCA406}"
EndProject
Global
	GlobalSection(SolutionConfigurationPlatforms) = preSolution
		Debug|Any CPU = Debug|Any CPU
		Release|Any CPU = Release|Any CPU
	EndGlobalSection
	GlobalSection(ProjectConfigurationPlatforms) = postSolution
		{2056CF48-933C-400E-8672-BA7C36D775C1}.Debug|Any CPU.ActiveCfg = Debug|Any CPU
		{2056CF48-933C-400E-8672-BA7C36D775C1}.Debug|Any CPU.Build.0 = Debug|Any CPU
		{2056CF48-933C-400E-8672-BA7C36D775C1}.Release|Any CPU.ActiveCfg = Release|Any CPU
		{2056CF48-933C-400E-8672-BA7C36D775C1}.Release|Any CPU.Build.0 = Release|Any CPU
		{B07F7491-0D28-6609-B65A-8A1BE7DCA406}.Debug|Any CPU.ActiveCfg = Debug|Any CPU
		{B07F7491-0D28-6609-B65A-8A1BE7DCA406}.Debug|Any CPU.Build.0 = Debug|Any CPU
		{B07F7491-0D28-6609-B65A-8A1BE7DCA406}.Release|Any CPU.ActiveCfg = Release|Any CPU
		{B07F7491-0D28-6609-B65A-8A1BE7DCA406}.Release|Any CPU.Build.0 = Release|Any CPU
	EndGlobalSection
	GlobalSection(SolutionProperties) = preSolution
		HideSolutionNode = FALSE
	EndGlobalSection
EndGlobal
